
Microsoft Visual Studio Solution File, Format Version 12.00
# Visual Studio Version 16
VisualStudioVersion = 16.0.30907.101
MinimumVisualStudioVersion = 10.0.40219.1
Project("{FAE04EC0-301F-11D3-BF4B-00C04F79EFBC}") = "Module2_Task5", "Module2_Task5\Module2_Task5.csproj", "{6B49B5A1-F02B-4139-A821-EF9EA9737D84}"
EndProject
Project("{2150E333-8FDC-42A3-9474-1A3956D46DE8}") = "SolutionItems", "SolutionItems", "{AD48253F-2FA9-4BE4-93E4-15CB8CA26B75}"
	ProjectSection(SolutionItems) = preProject
		settings.ruleset = settings.ruleset
		stylecop.json = stylecop.json
	EndProjectSection
EndProject
Global
	GlobalSection(SolutionConfigurationPlatforms) = preSolution
		Debug|Any CPU = Debug|Any CPU
		Release|Any CPU = Release|Any CPU
	EndGlobalSection
	GlobalSection(ProjectConfigurationPlatforms) = postSolution
		{6B49B5A1-F02B-4139-A821-EF9EA9737D84}.Debug|Any CPU.ActiveCfg = Debug|Any CPU
		{6B49B5A1-F02B-4139-A821-EF9EA9737D84}.Debug|Any CPU.Build.0 = Debug|Any CPU
		{6B49B5A1-F02B-4139-A821-EF9EA9737D84}.Release|Any CPU.ActiveCfg = Release|Any CPU
		{6B49B5A1-F02B-4139-A821-EF9EA9737D84}.Release|Any CPU.Build.0 = Release|Any CPU
	EndGlobalSection
	GlobalSection(SolutionProperties) = preSolution
		HideSolutionNode = FALSE
	EndGlobalSection
	GlobalSection(ExtensibilityGlobals) = postSolution
		SolutionGuid = {EAE446C6-20EF-426C-A112-5E33065BC504}
	EndGlobalSection
EndGlobal
